
Microsoft Visual Studio Solution File, Format Version 12.00
# Visual Studio 15
Project("{FAE04EC0-301F-11D3-BF4B-00C04F79EFBC}") = "Assembly-CSharp-firstpass", "Assembly-CSharp-firstpass.csproj", "{FA36D96A-620D-6A1C-00CD-2F2870A0049E}"
EndProject
Project("{FAE04EC0-301F-11D3-BF4B-00C04F79EFBC}") = "Assembly-CSharp", "Assembly-CSharp.csproj", "{512E0A77-E85D-CAFC-FCEE-6407BCC6428C}"
EndProject
Global
	GlobalSection(SolutionConfigurationPlatforms) = preSolution
		Debug|Any CPU = Debug|Any CPU
		Release|Any CPU = Release|Any CPU
	EndGlobalSection
	GlobalSection(ProjectConfigurationPlatforms) = postSolution
		{FA36D96A-620D-6A1C-00CD-2F2870A0049E}.Debug|Any CPU.ActiveCfg = Debug|Any CPU
		{FA36D96A-620D-6A1C-00CD-2F2870A0049E}.Debug|Any CPU.Build.0 = Debug|Any CPU
		{FA36D96A-620D-6A1C-00CD-2F2870A0049E}.Release|Any CPU.ActiveCfg = Release|Any CPU
		{FA36D96A-620D-6A1C-00CD-2F2870A0049E}.Release|Any CPU.Build.0 = Release|Any CPU
		{512E0A77-E85D-CAFC-FCEE-6407BCC6428C}.Debug|Any CPU.ActiveCfg = Debug|Any CPU
		{512E0A77-E85D-CAFC-FCEE-6407BCC6428C}.Debug|Any CPU.Build.0 = Debug|Any CPU
		{512E0A77-E85D-CAFC-FCEE-6407BCC6428C}.Release|Any CPU.ActiveCfg = Release|Any CPU
		{512E0A77-E85D-CAFC-FCEE-6407BCC6428C}.Release|Any CPU.Build.0 = Release|Any CPU
	EndGlobalSection
	GlobalSection(SolutionProperties) = preSolution
		HideSolutionNode = FALSE
	EndGlobalSection
EndGlobal
